
Microsoft Visual Studio Solution File, Format Version 12.00
# Visual Studio Version 17
VisualStudioVersion = 17.9.34622.214
MinimumVisualStudioVersion = 10.0.40219.1
Project("{9A19103F-16F7-4668-BE54-9A1E7A4F7556}") = "Figlotech.ExcelUtil", "Figlotech.ExcelUtil\Figlotech.ExcelUtil.csproj", "{394EA7B2-090B-4A2C-B885-72386735226E}"
EndProject
Project("{9A19103F-16F7-4668-BE54-9A1E7A4F7556}") = "Figlotech.BDados.SqliteDataAccessor", "Figlotech.BDados.SQLiteDataAccessor\Figlotech.BDados.SqliteDataAccessor.csproj", "{3A643DFA-70F1-423E-97D9-30C2D182AFF3}"
EndProject
Project("{9A19103F-16F7-4668-BE54-9A1E7A4F7556}") = "Figlotech.BDados.PgSQLDataAccessor", "Figlotech.BDados.PostgreSQLDataAccessor\Figlotech.BDados.PgSQLDataAccessor.csproj", "{BE40474C-2AD1-4B1F-BB68-F98B66ED3A6E}"
EndProject
Project("{9A19103F-16F7-4668-BE54-9A1E7A4F7556}") = "test", "test\test.csproj", "{3AB1E5ED-95CD-4A0B-A2AE-A43423AB33A2}"
EndProject
Project("{9A19103F-16F7-4668-BE54-9A1E7A4F7556}") = "Figlotech.Scripting", "Figlotech.Scripting\Figlotech.Scripting.csproj", "{4025789D-8349-479F-9F88-A192666E2AF1}"
EndProject
Project("{9A19103F-16F7-4668-BE54-9A1E7A4F7556}") = "Figlotech.ECSEngine", "TestConcepts\Figlotech.ECSEngine.csproj", "{FC1F837A-7E26-41CB-8162-3456DBE204D4}"
EndProject
Project("{9A19103F-16F7-4668-BE54-9A1E7A4F7556}") = "Figlotech.BDados", "Figlotech.BDados\Figlotech.BDados.csproj", "{0BDED071-A0D5-41FE-A9D6-2781114766CC}"
EndProject
Project("{9A19103F-16F7-4668-BE54-9A1E7A4F7556}") = "Figlotech.BDados.MySqlDataAccessor", "Figlotech.BDados.MySqlDataAccessor\Figlotech.BDados.MySqlDataAccessor.csproj", "{D7F9379B-CDD0-49DF-A3B9-618041162BA6}"
EndProject
Project("{9A19103F-16F7-4668-BE54-9A1E7A4F7556}") = "Figlotech.Core", "Figlotech.Core\Figlotech.Core.csproj", "{0B252F65-CA6A-4428-9DE3-13123D249F1D}"
EndProject
Project("{2150E333-8FDC-42A3-9474-1A3956D46DE8}") = "Solution Items", "Solution Items", "{B953456C-646A-4CF4-9B2C-676054A808E4}"
	ProjectSection(SolutionItems) = preProject
		.editorconfig = .editorconfig
	EndProjectSection
EndProject
Project("{9A19103F-16F7-4668-BE54-9A1E7A4F7556}") = "Figlotech.Core.FileAcessAbstractions.AzureBlobsFileAccessor", "Figlotech.Core.FileAcessAbstractions.AzureBlobsFileAccessor\Figlotech.Core.FileAcessAbstractions.AzureBlobsFileAccessor.csproj", "{F7854BCF-364B-48F0-8F54-2189F929BAB7}"
EndProject
Project("{9A19103F-16F7-4668-BE54-9A1E7A4F7556}") = "Figlotech.DataFlow", "Figlotech.DataFlow\Figlotech.DataFlow.csproj", "{F905E81B-B5DE-400B-B42E-109130C6B275}"
EndProject
Global
	GlobalSection(SolutionConfigurationPlatforms) = preSolution
		Debug|Any CPU = Debug|Any CPU
		Release|Any CPU = Release|Any CPU
	EndGlobalSection
	GlobalSection(ProjectConfigurationPlatforms) = postSolution
		{394EA7B2-090B-4A2C-B885-72386735226E}.Debug|Any CPU.ActiveCfg = Debug|Any CPU
		{394EA7B2-090B-4A2C-B885-72386735226E}.Debug|Any CPU.Build.0 = Debug|Any CPU
		{394EA7B2-090B-4A2C-B885-72386735226E}.Release|Any CPU.ActiveCfg = Release|Any CPU
		{394EA7B2-090B-4A2C-B885-72386735226E}.Release|Any CPU.Build.0 = Release|Any CPU
		{3A643DFA-70F1-423E-97D9-30C2D182AFF3}.Debug|Any CPU.ActiveCfg = Debug|Any CPU
		{3A643DFA-70F1-423E-97D9-30C2D182AFF3}.Debug|Any CPU.Build.0 = Debug|Any CPU
		{3A643DFA-70F1-423E-97D9-30C2D182AFF3}.Release|Any CPU.ActiveCfg = Release|Any CPU
		{3A643DFA-70F1-423E-97D9-30C2D182AFF3}.Release|Any CPU.Build.0 = Release|Any CPU
		{BE40474C-2AD1-4B1F-BB68-F98B66ED3A6E}.Debug|Any CPU.ActiveCfg = Debug|Any CPU
		{BE40474C-2AD1-4B1F-BB68-F98B66ED3A6E}.Debug|Any CPU.Build.0 = Debug|Any CPU
		{BE40474C-2AD1-4B1F-BB68-F98B66ED3A6E}.Release|Any CPU.ActiveCfg = Release|Any CPU
		{BE40474C-2AD1-4B1F-BB68-F98B66ED3A6E}.Release|Any CPU.Build.0 = Release|Any CPU
		{3AB1E5ED-95CD-4A0B-A2AE-A43423AB33A2}.Debug|Any CPU.ActiveCfg = Debug|Any CPU
		{3AB1E5ED-95CD-4A0B-A2AE-A43423AB33A2}.Debug|Any CPU.Build.0 = Debug|Any CPU
		{3AB1E5ED-95CD-4A0B-A2AE-A43423AB33A2}.Release|Any CPU.ActiveCfg = Release|Any CPU
		{3AB1E5ED-95CD-4A0B-A2AE-A43423AB33A2}.Release|Any CPU.Build.0 = Release|Any CPU
		{4025789D-8349-479F-9F88-A192666E2AF1}.Debug|Any CPU.ActiveCfg = Debug|Any CPU
		{4025789D-8349-479F-9F88-A192666E2AF1}.Debug|Any CPU.Build.0 = Debug|Any CPU
		{4025789D-8349-479F-9F88-A192666E2AF1}.Release|Any CPU.ActiveCfg = Release|Any CPU
		{4025789D-8349-479F-9F88-A192666E2AF1}.Release|Any CPU.Build.0 = Release|Any CPU
		{FC1F837A-7E26-41CB-8162-3456DBE204D4}.Debug|Any CPU.ActiveCfg = Debug|Any CPU
		{FC1F837A-7E26-41CB-8162-3456DBE204D4}.Debug|Any CPU.Build.0 = Debug|Any CPU
		{FC1F837A-7E26-41CB-8162-3456DBE204D4}.Release|Any CPU.ActiveCfg = Release|Any CPU
		{FC1F837A-7E26-41CB-8162-3456DBE204D4}.Release|Any CPU.Build.0 = Release|Any CPU
		{0BDED071-A0D5-41FE-A9D6-2781114766CC}.Debug|Any CPU.ActiveCfg = Debug|Any CPU
		{0BDED071-A0D5-41FE-A9D6-2781114766CC}.Debug|Any CPU.Build.0 = Debug|Any CPU
		{0BDED071-A0D5-41FE-A9D6-2781114766CC}.Release|Any CPU.ActiveCfg = Release|Any CPU
		{0BDED071-A0D5-41FE-A9D6-2781114766CC}.Release|Any CPU.Build.0 = Release|Any CPU
		{D7F9379B-CDD0-49DF-A3B9-618041162BA6}.Debug|Any CPU.ActiveCfg = Debug|Any CPU
		{D7F9379B-CDD0-49DF-A3B9-618041162BA6}.Debug|Any CPU.Build.0 = Debug|Any CPU
		{D7F9379B-CDD0-49DF-A3B9-618041162BA6}.Release|Any CPU.ActiveCfg = Release|Any CPU
		{D7F9379B-CDD0-49DF-A3B9-618041162BA6}.Release|Any CPU.Build.0 = Release|Any CPU
		{0B252F65-CA6A-4428-9DE3-13123D249F1D}.Debug|Any CPU.ActiveCfg = Debug|Any CPU
		{0B252F65-CA6A-4428-9DE3-13123D249F1D}.Debug|Any CPU.Build.0 = Debug|Any CPU
		{0B252F65-CA6A-4428-9DE3-13123D249F1D}.Release|Any CPU.ActiveCfg = Release|Any CPU
		{0B252F65-CA6A-4428-9DE3-13123D249F1D}.Release|Any CPU.Build.0 = Release|Any CPU
		{F7854BCF-364B-48F0-8F54-2189F929BAB7}.Debug|Any CPU.ActiveCfg = Debug|Any CPU
		{F7854BCF-364B-48F0-8F54-2189F929BAB7}.Debug|Any CPU.Build.0 = Debug|Any CPU
		{F7854BCF-364B-48F0-8F54-2189F929BAB7}.Release|Any CPU.ActiveCfg = Release|Any CPU
		{F7854BCF-364B-48F0-8F54-2189F929BAB7}.Release|Any CPU.Build.0 = Release|Any CPU
		{F905E81B-B5DE-400B-B42E-109130C6B275}.Debug|Any CPU.ActiveCfg = Debug|Any CPU
		{F905E81B-B5DE-400B-B42E-109130C6B275}.Debug|Any CPU.Build.0 = Debug|Any CPU
		{F905E81B-B5DE-400B-B42E-109130C6B275}.Release|Any CPU.ActiveCfg = Release|Any CPU
		{F905E81B-B5DE-400B-B42E-109130C6B275}.Release|Any CPU.Build.0 = Release|Any CPU
	EndGlobalSection
	GlobalSection(SolutionProperties) = preSolution
		HideSolutionNode = FALSE
	EndGlobalSection
	GlobalSection(ExtensibilityGlobals) = postSolution
		SolutionGuid = {1C7D81C1-BBE0-495A-9126-7641BB42B8CB}
	EndGlobalSection
EndGlobal
