
Microsoft Visual Studio Solution File, Format Version 12.00
# Visual Studio 15
VisualStudioVersion = 15.0.26403.7
MinimumVisualStudioVersion = 10.0.40219.1
Project("{9A19103F-16F7-4668-BE54-9A1E7A4F7556}") = "Figlotech.Autokryptex", "Figlotech.Autokryptex\Figlotech.Autokryptex.csproj", "{D3271F01-7EE7-4A6F-A085-4E310EB001F6}"
EndProject
Project("{9A19103F-16F7-4668-BE54-9A1E7A4F7556}") = "Figlotech.Console", "Figlotech.ConsoleTools\Figlotech.Console.csproj", "{312B9495-7E69-4361-B8FC-AA26546C883A}"
EndProject
Project("{9A19103F-16F7-4668-BE54-9A1E7A4F7556}") = "Figlotech.Fetchit", "Figlotech.FetchIt\Figlotech.Fetchit.csproj", "{7E3A3A8C-A0DC-4E76-A484-02F664C6807C}"
EndProject
Project("{9A19103F-16F7-4668-BE54-9A1E7A4F7556}") = "imgdupt", "imgdupt\imgdupt.csproj", "{83E7E895-5EE7-499C-9DE0-60BB4941430F}"
EndProject
Project("{FAE04EC0-301F-11D3-BF4B-00C04F79EFBC}") = "Figlotech.Autokryptex.Tests", "Figlotech.AutokryptexTest\Figlotech.Autokryptex.Tests.csproj", "{B4DD8A38-B1FC-4161-9E71-5F4F0FF318AA}"
EndProject
Global
	GlobalSection(SolutionConfigurationPlatforms) = preSolution
		Debug|Any CPU = Debug|Any CPU
		Release|Any CPU = Release|Any CPU
	EndGlobalSection
	GlobalSection(ProjectConfigurationPlatforms) = postSolution
		{D3271F01-7EE7-4A6F-A085-4E310EB001F6}.Debug|Any CPU.ActiveCfg = Debug|Any CPU
		{D3271F01-7EE7-4A6F-A085-4E310EB001F6}.Debug|Any CPU.Build.0 = Debug|Any CPU
		{D3271F01-7EE7-4A6F-A085-4E310EB001F6}.Release|Any CPU.ActiveCfg = Release|Any CPU
		{D3271F01-7EE7-4A6F-A085-4E310EB001F6}.Release|Any CPU.Build.0 = Release|Any CPU
		{312B9495-7E69-4361-B8FC-AA26546C883A}.Debug|Any CPU.ActiveCfg = Debug|Any CPU
		{312B9495-7E69-4361-B8FC-AA26546C883A}.Debug|Any CPU.Build.0 = Debug|Any CPU
		{312B9495-7E69-4361-B8FC-AA26546C883A}.Release|Any CPU.ActiveCfg = Release|Any CPU
		{312B9495-7E69-4361-B8FC-AA26546C883A}.Release|Any CPU.Build.0 = Release|Any CPU
		{7E3A3A8C-A0DC-4E76-A484-02F664C6807C}.Debug|Any CPU.ActiveCfg = Debug|Any CPU
		{7E3A3A8C-A0DC-4E76-A484-02F664C6807C}.Debug|Any CPU.Build.0 = Debug|Any CPU
		{7E3A3A8C-A0DC-4E76-A484-02F664C6807C}.Release|Any CPU.ActiveCfg = Release|Any CPU
		{7E3A3A8C-A0DC-4E76-A484-02F664C6807C}.Release|Any CPU.Build.0 = Release|Any CPU
		{83E7E895-5EE7-499C-9DE0-60BB4941430F}.Debug|Any CPU.ActiveCfg = Debug|Any CPU
		{83E7E895-5EE7-499C-9DE0-60BB4941430F}.Debug|Any CPU.Build.0 = Debug|Any CPU
		{83E7E895-5EE7-499C-9DE0-60BB4941430F}.Release|Any CPU.ActiveCfg = Release|Any CPU
		{83E7E895-5EE7-499C-9DE0-60BB4941430F}.Release|Any CPU.Build.0 = Release|Any CPU
		{B4DD8A38-B1FC-4161-9E71-5F4F0FF318AA}.Debug|Any CPU.ActiveCfg = Debug|Any CPU
		{B4DD8A38-B1FC-4161-9E71-5F4F0FF318AA}.Debug|Any CPU.Build.0 = Debug|Any CPU
		{B4DD8A38-B1FC-4161-9E71-5F4F0FF318AA}.Release|Any CPU.ActiveCfg = Release|Any CPU
		{B4DD8A38-B1FC-4161-9E71-5F4F0FF318AA}.Release|Any CPU.Build.0 = Release|Any CPU
	EndGlobalSection
	GlobalSection(SolutionProperties) = preSolution
		HideSolutionNode = FALSE
	EndGlobalSection
EndGlobal
